{
    "_readme": [
        "This file locks the dependencies of your project to a known state",
        "Read more about it at https://getcomposer.org/doc/01-basic-usage.md#composer-lock-the-lock-file",
        "This file is @generated automatically"
    ],
    "content-hash": "da52b92da9ae4449f34952459fdd2b99",
    "packages": [
        {
            "name": "anytizer/guid.php",
            "version": "dev-master",
            "source": {
                "type": "git",
                "url": "https://github.com/anytizer/guid.php.git",
                "reference": "53aa0355d8ce776509522406a183e0e8ea5cd940"
            },
            "dist": {
                "type": "zip",
                "url": "https://api.github.com/repos/anytizer/guid.php/zipball/53aa0355d8ce776509522406a183e0e8ea5cd940",
                "reference": "53aa0355d8ce776509522406a183e0e8ea5cd940",
                "shasum": ""
            },
            "require": {
                "php": ">=7.0"
            },
            "type": "library",
            "autoload": {
                "psr-4": {
                    "backend\\": "src/libraries/classes/backend"
                }
            },
            "notification-url": "https://packagist.org/downloads/",
            "authors": [
                {
                    "name": "Developer",
                    "role": "Developer"
                }
            ],
            "description": "GUID Generator for PHP",
            "keywords": [
                "Unique ID",
                "globally unique id",
                "guid",
                "uuid"
            ],
            "time": "2018-02-20T19:53:06+00:00"
        }
    ],
    "packages-dev": [],
    "aliases": [],
    "minimum-stability": "stable",
    "stability-flags": {
        "anytizer/guid.php": 20
    },
    "prefer-stable": false,
    "prefer-lowest": false,
    "platform": [],
    "platform-dev": []
}
